
Microsoft Visual Studio Solution File, Format Version 12.00
# Visual Studio Version 16
VisualStudioVersion = 16.0.30225.117
MinimumVisualStudioVersion = 10.0.40219.1
Project("{9A19103F-16F7-4668-BE54-9A1E7A4F7556}") = "ffprobe.wrapper.core", "ffprobe.wrapper.core\ffprobe.wrapper.core.csproj", "{532EB042-11EC-4A09-8720-EECAD7B30998}"
EndProject
Project("{9A19103F-16F7-4668-BE54-9A1E7A4F7556}") = "ffprobe.wrapper.core.console", "ffprobe.wrapper.core.console\ffprobe.wrapper.core.console.csproj", "{56452E80-3283-47D5-B915-D7BD1E16EB3E}"
EndProject
Global
	GlobalSection(SolutionConfigurationPlatforms) = preSolution
		Debug|Any CPU = Debug|Any CPU
		Release|Any CPU = Release|Any CPU
	EndGlobalSection
	GlobalSection(ProjectConfigurationPlatforms) = postSolution
		{532EB042-11EC-4A09-8720-EECAD7B30998}.Debug|Any CPU.ActiveCfg = Debug|Any CPU
		{532EB042-11EC-4A09-8720-EECAD7B30998}.Debug|Any CPU.Build.0 = Debug|Any CPU
		{532EB042-11EC-4A09-8720-EECAD7B30998}.Release|Any CPU.ActiveCfg = Release|Any CPU
		{532EB042-11EC-4A09-8720-EECAD7B30998}.Release|Any CPU.Build.0 = Release|Any CPU
		{56452E80-3283-47D5-B915-D7BD1E16EB3E}.Debug|Any CPU.ActiveCfg = Debug|Any CPU
		{56452E80-3283-47D5-B915-D7BD1E16EB3E}.Debug|Any CPU.Build.0 = Debug|Any CPU
		{56452E80-3283-47D5-B915-D7BD1E16EB3E}.Release|Any CPU.ActiveCfg = Release|Any CPU
		{56452E80-3283-47D5-B915-D7BD1E16EB3E}.Release|Any CPU.Build.0 = Release|Any CPU
	EndGlobalSection
	GlobalSection(SolutionProperties) = preSolution
		HideSolutionNode = FALSE
	EndGlobalSection
	GlobalSection(ExtensibilityGlobals) = postSolution
		SolutionGuid = {6DD53799-2DD8-4762-BAE4-E588575CD4E4}
	EndGlobalSection
EndGlobal
